PODS:
  - LSCustomNavigation (0.0.5)

DEPENDENCIES:
  - LSCustomNavigation (~> 0.0.5)

SPEC REPOS:
  https://github.com/cocoapods/specs.git:
    - LSCustomNavigation

SPEC CHECKSUMS:
  LSCustomNavigation: 49293f0dadc3550b6dca3406ab50932c7dfc7342

PODFILE CHECKSUM: b9a919b50cfc517e7f8af4370320f79158a14859

COCOAPODS: 1.5.3
